lockfileVersion: 5.3

specifiers:
  axios: ^0.21.1

dependencies:
  axios: 0.21.1

packages:

  /axios/0.21.1:
    resolution: {integrity: sha1-IlY0gZYvTWvemnbVFu8OXTwJsrg=, tarball: axios/download/axios-0.21.1.tgz?cache=0&sync_timestamp=1608634195859&other_urls=https%3A%2F%2Fregistry.npm.taobao.org%2Faxios%2Fdownload%2Faxios-0.21.1.tgz}
    dependencies:
      follow-redirects: registry.nlark.com/follow-redirects/1.14.1
    dev: false

  registry.nlark.com/follow-redirects/1.14.1:
    resolution: {integrity: sha1-2RFN7Qoc/dM04WTmZirQK/2R/0M=, registry: https://registry.npm.taobao.org/, tarball: https://registry.nlark.com/follow-redirects/download/follow-redirects-1.14.1.tgz}
    name: follow-redirects
    version: 1.14.1
    engines: {node: '>=4.0'}
    dev: false
